{
  "object": {
    "pins": [
      {
        "package": "CombineExt",
        "repositoryURL": "https://github.com/CombineCommunity/CombineExt",
        "state": {
          "branch": null,
          "revision": "0880829102152185190064fd17847a7c681d2127",
          "version": "1.5.1"
        }
      },
      {
        "package": "ModernRIBs",
        "repositoryURL": "https://github.com/DevYeom/ModernRIBs",
        "state": {
          "branch": null,
          "revision": "8884514a2b98e98dd381f941054a5cbb275eaaf2",
          "version": "1.0.2"
        }
      }
    ]
  },
  "version": 1
}
